
Microsoft Visual Studio Solution File, Format Version 12.00
# Visual Studio Version 17
VisualStudioVersion = 17.3.32811.315
MinimumVisualStudioVersion = 10.0.40219.1
Project("{FAE04EC0-301F-11D3-BF4B-00C04F79EFBC}") = "Anime", "Anime\Anime.csproj", "{A20D7F15-6E35-4D9E-B055-23AF5740084D}"
EndProject
Global
	GlobalSection(SolutionConfigurationPlatforms) = preSolution
		Debug|Any CPU = Debug|Any CPU
		Release|Any CPU = Release|Any CPU
	EndGlobalSection
	GlobalSection(ProjectConfigurationPlatforms) = postSolution
		{A20D7F15-6E35-4D9E-B055-23AF5740084D}.Debug|Any CPU.ActiveCfg = Debug|Any CPU
		{A20D7F15-6E35-4D9E-B055-23AF5740084D}.Debug|Any CPU.Build.0 = Debug|Any CPU
		{A20D7F15-6E35-4D9E-B055-23AF5740084D}.Release|Any CPU.ActiveCfg = Release|Any CPU
		{A20D7F15-6E35-4D9E-B055-23AF5740084D}.Release|Any CPU.Build.0 = Release|Any CPU
	EndGlobalSection
	GlobalSection(SolutionProperties) = preSolution
		HideSolutionNode = FALSE
	EndGlobalSection
	GlobalSection(ExtensibilityGlobals) = postSolution
		SolutionGuid = {AD384644-E261-4A5C-A400-7EC9FCF99ED3}
	EndGlobalSection
EndGlobal
